
Microsoft Visual Studio Solution File, Format Version 12.00
# Visual Studio 15
VisualStudioVersion = 15.0.26730.12
MinimumVisualStudioVersion = 10.0.40219.1
Project("{FAE04EC0-301F-11D3-BF4B-00C04F79EFBC}") = "Robin", "Robin\Robin.csproj", "{44603014-394A-461F-9001-276A9F91C8AF}"
EndProject
Project("{FAE04EC0-301F-11D3-BF4B-00C04F79EFBC}") = "UnitTest", "UnitTest\UnitTest.csproj", "{2538A198-46DF-416B-A804-379954C59FB6}"
EndProject
Global
	GlobalSection(SolutionConfigurationPlatforms) = preSolution
		Debug|Any CPU = Debug|Any CPU
		Debug|ARM = Debug|ARM
		Debug|x64 = Debug|x64
		Debug|x86 = Debug|x86
		Release|Any CPU = Release|Any CPU
		Release|ARM = Release|ARM
		Release|x64 = Release|x64
		Release|x86 = Release|x86
	EndGlobalSection
	GlobalSection(ProjectConfigurationPlatforms) = postSolution
		{44603014-394A-461F-9001-276A9F91C8AF}.Debug|Any CPU.ActiveCfg = Debug|Any CPU
		{44603014-394A-461F-9001-276A9F91C8AF}.Debug|Any CPU.Build.0 = Debug|Any CPU
		{44603014-394A-461F-9001-276A9F91C8AF}.Debug|Any CPU.Deploy.0 = Debug|Any CPU
		{44603014-394A-461F-9001-276A9F91C8AF}.Debug|ARM.ActiveCfg = Debug|Any CPU
		{44603014-394A-461F-9001-276A9F91C8AF}.Debug|ARM.Build.0 = Debug|Any CPU
		{44603014-394A-461F-9001-276A9F91C8AF}.Debug|x64.ActiveCfg = Debug|x64
		{44603014-394A-461F-9001-276A9F91C8AF}.Debug|x64.Build.0 = Debug|x64
		{44603014-394A-461F-9001-276A9F91C8AF}.Debug|x86.ActiveCfg = Debug|Any CPU
		{44603014-394A-461F-9001-276A9F91C8AF}.Release|Any CPU.ActiveCfg = Release|Any CPU
		{44603014-394A-461F-9001-276A9F91C8AF}.Release|Any CPU.Build.0 = Release|Any CPU
		{44603014-394A-461F-9001-276A9F91C8AF}.Release|Any CPU.Deploy.0 = Release|Any CPU
		{44603014-394A-461F-9001-276A9F91C8AF}.Release|ARM.ActiveCfg = Release|Any CPU
		{44603014-394A-461F-9001-276A9F91C8AF}.Release|ARM.Build.0 = Release|Any CPU
		{44603014-394A-461F-9001-276A9F91C8AF}.Release|x64.ActiveCfg = Release|x64
		{44603014-394A-461F-9001-276A9F91C8AF}.Release|x64.Build.0 = Release|x64
		{44603014-394A-461F-9001-276A9F91C8AF}.Release|x86.ActiveCfg = Release|Any CPU
		{2538A198-46DF-416B-A804-379954C59FB6}.Debug|Any CPU.ActiveCfg = Debug|Any CPU
		{2538A198-46DF-416B-A804-379954C59FB6}.Debug|Any CPU.Build.0 = Debug|Any CPU
		{2538A198-46DF-416B-A804-379954C59FB6}.Debug|ARM.ActiveCfg = Debug|Any CPU
		{2538A198-46DF-416B-A804-379954C59FB6}.Debug|ARM.Build.0 = Debug|Any CPU
		{2538A198-46DF-416B-A804-379954C59FB6}.Debug|x64.ActiveCfg = Debug|Any CPU
		{2538A198-46DF-416B-A804-379954C59FB6}.Debug|x64.Build.0 = Debug|Any CPU
		{2538A198-46DF-416B-A804-379954C59FB6}.Debug|x86.ActiveCfg = Debug|Any CPU
		{2538A198-46DF-416B-A804-379954C59FB6}.Debug|x86.Build.0 = Debug|Any CPU
		{2538A198-46DF-416B-A804-379954C59FB6}.Release|Any CPU.ActiveCfg = Release|Any CPU
		{2538A198-46DF-416B-A804-379954C59FB6}.Release|Any CPU.Build.0 = Release|Any CPU
		{2538A198-46DF-416B-A804-379954C59FB6}.Release|ARM.ActiveCfg = Release|Any CPU
		{2538A198-46DF-416B-A804-379954C59FB6}.Release|ARM.Build.0 = Release|Any CPU
		{2538A198-46DF-416B-A804-379954C59FB6}.Release|x64.ActiveCfg = Release|Any CPU
		{2538A198-46DF-416B-A804-379954C59FB6}.Release|x64.Build.0 = Release|Any CPU
		{2538A198-46DF-416B-A804-379954C59FB6}.Release|x86.ActiveCfg = Release|Any CPU
		{2538A198-46DF-416B-A804-379954C59FB6}.Release|x86.Build.0 = Release|Any CPU
	EndGlobalSection
	GlobalSection(SolutionProperties) = preSolution
		HideSolutionNode = FALSE
	EndGlobalSection
	GlobalSection(ExtensibilityGlobals) = postSolution
		SolutionGuid = {93DE19C6-F4F8-4F50-88F6-2A56E8B78D57}
	EndGlobalSection
EndGlobal
